
Microsoft Visual Studio Solution File, Format Version 12.00
# Visual Studio Version 16
VisualStudioVersion = 16.0.29721.120
MinimumVisualStudioVersion = 10.0.40219.1
Project("{9A19103F-16F7-4668-BE54-9A1E7A4F7556}") = "NullObjectPattern", "NullObjectPattern\NullObjectPattern.csproj", "{380F12BF-3BFC-4785-91E5-817ECDFC46A6}"
EndProject
Project("{2150E333-8FDC-42A3-9474-1A3956D46DE8}") = "Behavioral", "Behavioral", "{F291D80C-403E-479E-BA96-16228FB22371}"
EndProject
Project("{FAE04EC0-301F-11D3-BF4B-00C04F79EFBC}") = "CommandPattern", "CommandPattern\CommandPattern.csproj", "{4A410C79-CCEB-49E9-AB27-B04DA655AC10}"
EndProject
Global
	GlobalSection(SolutionConfigurationPlatforms) = preSolution
		Debug|Any CPU = Debug|Any CPU
		Release|Any CPU = Release|Any CPU
	EndGlobalSection
	GlobalSection(ProjectConfigurationPlatforms) = postSolution
		{380F12BF-3BFC-4785-91E5-817ECDFC46A6}.Debug|Any CPU.ActiveCfg = Debug|Any CPU
		{380F12BF-3BFC-4785-91E5-817ECDFC46A6}.Debug|Any CPU.Build.0 = Debug|Any CPU
		{380F12BF-3BFC-4785-91E5-817ECDFC46A6}.Release|Any CPU.ActiveCfg = Release|Any CPU
		{380F12BF-3BFC-4785-91E5-817ECDFC46A6}.Release|Any CPU.Build.0 = Release|Any CPU
		{4A410C79-CCEB-49E9-AB27-B04DA655AC10}.Debug|Any CPU.ActiveCfg = Debug|Any CPU
		{4A410C79-CCEB-49E9-AB27-B04DA655AC10}.Debug|Any CPU.Build.0 = Debug|Any CPU
		{4A410C79-CCEB-49E9-AB27-B04DA655AC10}.Release|Any CPU.ActiveCfg = Release|Any CPU
		{4A410C79-CCEB-49E9-AB27-B04DA655AC10}.Release|Any CPU.Build.0 = Release|Any CPU
	EndGlobalSection
	GlobalSection(SolutionProperties) = preSolution
		HideSolutionNode = FALSE
	EndGlobalSection
	GlobalSection(NestedProjects) = preSolution
		{380F12BF-3BFC-4785-91E5-817ECDFC46A6} = {F291D80C-403E-479E-BA96-16228FB22371}
		{4A410C79-CCEB-49E9-AB27-B04DA655AC10} = {F291D80C-403E-479E-BA96-16228FB22371}
	EndGlobalSection
	GlobalSection(ExtensibilityGlobals) = postSolution
		SolutionGuid = {A5D51745-E3DE-43A6-858D-61D2A7A03C01}
	EndGlobalSection
EndGlobal
