
Microsoft Visual Studio Solution File, Format Version 12.00
# Visual Studio Version 16
VisualStudioVersion = 16.0.29721.120
MinimumVisualStudioVersion = 10.0.40219.1
Project("{9A19103F-16F7-4668-BE54-9A1E7A4F7556}") = "NullObjectPattern", "NullObjectPattern\NullObjectPattern.csproj", "{380F12BF-3BFC-4785-91E5-817ECDFC46A6}"
EndProject
Project("{2150E333-8FDC-42A3-9474-1A3956D46DE8}") = "Behavioral", "Behavioral", "{F291D80C-403E-479E-BA96-16228FB22371}"
EndProject
Project("{9A19103F-16F7-4668-BE54-9A1E7A4F7556}") = "CommandPattern", "CommandPattern\CommandPattern.csproj", "{4A410C79-CCEB-49E9-AB27-B04DA655AC10}"
EndProject
Project("{2150E333-8FDC-42A3-9474-1A3956D46DE8}") = "Structural", "Structural", "{19D352F5-DADD-4D1D-9273-8888A81106BD}"
EndProject
Project("{9A19103F-16F7-4668-BE54-9A1E7A4F7556}") = "FacadePattern", "FacadePattern\FacadePattern.csproj", "{771EE880-2C0B-449D-953D-8B4F38D9E59A}"
EndProject
Project("{9A19103F-16F7-4668-BE54-9A1E7A4F7556}") = "AdapterPattern", "AdapterPattern\AdapterPattern.csproj", "{C03193C1-89C5-4CD1-8560-DE15323F7E1D}"
EndProject
Project("{2150E333-8FDC-42A3-9474-1A3956D46DE8}") = "Creational", "Creational", "{C4620C2B-DA66-4D92-8FB8-A18FB1C17310}"
EndProject
Project("{9A19103F-16F7-4668-BE54-9A1E7A4F7556}") = "BuilderPattern", "BuilderPattern\BuilderPattern.csproj", "{317438D4-67E5-4220-98D6-22D2A6E98289}"
EndProject
Project("{FAE04EC0-301F-11D3-BF4B-00C04F79EFBC}") = "FactoryPattern", "FactoryPattern\FactoryPattern.csproj", "{5026D482-C8C6-42A9-9A7A-D44E30D44763}"
EndProject
Global
	GlobalSection(SolutionConfigurationPlatforms) = preSolution
		Debug|Any CPU = Debug|Any CPU
		Release|Any CPU = Release|Any CPU
	EndGlobalSection
	GlobalSection(ProjectConfigurationPlatforms) = postSolution
		{380F12BF-3BFC-4785-91E5-817ECDFC46A6}.Debug|Any CPU.ActiveCfg = Debug|Any CPU
		{380F12BF-3BFC-4785-91E5-817ECDFC46A6}.Debug|Any CPU.Build.0 = Debug|Any CPU
		{380F12BF-3BFC-4785-91E5-817ECDFC46A6}.Release|Any CPU.ActiveCfg = Release|Any CPU
		{380F12BF-3BFC-4785-91E5-817ECDFC46A6}.Release|Any CPU.Build.0 = Release|Any CPU
		{4A410C79-CCEB-49E9-AB27-B04DA655AC10}.Debug|Any CPU.ActiveCfg = Debug|Any CPU
		{4A410C79-CCEB-49E9-AB27-B04DA655AC10}.Debug|Any CPU.Build.0 = Debug|Any CPU
		{4A410C79-CCEB-49E9-AB27-B04DA655AC10}.Release|Any CPU.ActiveCfg = Release|Any CPU
		{4A410C79-CCEB-49E9-AB27-B04DA655AC10}.Release|Any CPU.Build.0 = Release|Any CPU
		{771EE880-2C0B-449D-953D-8B4F38D9E59A}.Debug|Any CPU.ActiveCfg = Debug|Any CPU
		{771EE880-2C0B-449D-953D-8B4F38D9E59A}.Debug|Any CPU.Build.0 = Debug|Any CPU
		{771EE880-2C0B-449D-953D-8B4F38D9E59A}.Release|Any CPU.ActiveCfg = Release|Any CPU
		{771EE880-2C0B-449D-953D-8B4F38D9E59A}.Release|Any CPU.Build.0 = Release|Any CPU
		{C03193C1-89C5-4CD1-8560-DE15323F7E1D}.Debug|Any CPU.ActiveCfg = Debug|Any CPU
		{C03193C1-89C5-4CD1-8560-DE15323F7E1D}.Debug|Any CPU.Build.0 = Debug|Any CPU
		{C03193C1-89C5-4CD1-8560-DE15323F7E1D}.Release|Any CPU.ActiveCfg = Release|Any CPU
		{C03193C1-89C5-4CD1-8560-DE15323F7E1D}.Release|Any CPU.Build.0 = Release|Any CPU
		{317438D4-67E5-4220-98D6-22D2A6E98289}.Debug|Any CPU.ActiveCfg = Debug|Any CPU
		{317438D4-67E5-4220-98D6-22D2A6E98289}.Debug|Any CPU.Build.0 = Debug|Any CPU
		{317438D4-67E5-4220-98D6-22D2A6E98289}.Release|Any CPU.ActiveCfg = Release|Any CPU
		{317438D4-67E5-4220-98D6-22D2A6E98289}.Release|Any CPU.Build.0 = Release|Any CPU
		{5026D482-C8C6-42A9-9A7A-D44E30D44763}.Debug|Any CPU.ActiveCfg = Debug|Any CPU
		{5026D482-C8C6-42A9-9A7A-D44E30D44763}.Debug|Any CPU.Build.0 = Debug|Any CPU
		{5026D482-C8C6-42A9-9A7A-D44E30D44763}.Release|Any CPU.ActiveCfg = Release|Any CPU
		{5026D482-C8C6-42A9-9A7A-D44E30D44763}.Release|Any CPU.Build.0 = Release|Any CPU
	EndGlobalSection
	GlobalSection(SolutionProperties) = preSolution
		HideSolutionNode = FALSE
	EndGlobalSection
	GlobalSection(NestedProjects) = preSolution
		{380F12BF-3BFC-4785-91E5-817ECDFC46A6} = {F291D80C-403E-479E-BA96-16228FB22371}
		{4A410C79-CCEB-49E9-AB27-B04DA655AC10} = {F291D80C-403E-479E-BA96-16228FB22371}
		{771EE880-2C0B-449D-953D-8B4F38D9E59A} = {19D352F5-DADD-4D1D-9273-8888A81106BD}
		{C03193C1-89C5-4CD1-8560-DE15323F7E1D} = {19D352F5-DADD-4D1D-9273-8888A81106BD}
		{317438D4-67E5-4220-98D6-22D2A6E98289} = {C4620C2B-DA66-4D92-8FB8-A18FB1C17310}
		{5026D482-C8C6-42A9-9A7A-D44E30D44763} = {C4620C2B-DA66-4D92-8FB8-A18FB1C17310}
	EndGlobalSection
	GlobalSection(ExtensibilityGlobals) = postSolution
		SolutionGuid = {A5D51745-E3DE-43A6-858D-61D2A7A03C01}
	EndGlobalSection
EndGlobal
